
Microsoft Visual Studio Solution File, Format Version 12.00
# Visual Studio Version 16
VisualStudioVersion = 16.0.31025.194
MinimumVisualStudioVersion = 10.0.40219.1
Project("{2150E333-8FDC-42A3-9474-1A3956D46DE8}") = "Catalog", "Catalog", "{DC806DB7-2351-43DE-BCD0-0C78FC42EF44}"
EndProject
Project("{9A19103F-16F7-4668-BE54-9A1E7A4F7556}") = "Catalog.API", "services\Catalog\Catalog.API\Catalog.API.csproj", "{0090D74D-56E2-4E48-B1AE-0A8F1C88C01F}"
EndProject
Project("{E53339B2-1760-4266-BCC7-CA923CBCF16C}") = "docker-compose", "docker-compose.dcproj", "{318273A4-A837-4C40-8391-D9574151329E}"
EndProject
Project("{2150E333-8FDC-42A3-9474-1A3956D46DE8}") = "Basket", "Basket", "{CEB73A9B-669A-4B64-A1AF-76CFBCC00BFA}"
EndProject
Project("{FAE04EC0-301F-11D3-BF4B-00C04F79EFBC}") = "Basket.API", "src\Services\Basket\Basket.API\Basket.API.csproj", "{6A58FB33-26A8-4BD3-8F69-06BF21B27DF2}"
EndProject
Global
	GlobalSection(SolutionConfigurationPlatforms) = preSolution
		Debug|Any CPU = Debug|Any CPU
		Release|Any CPU = Release|Any CPU
	EndGlobalSection
	GlobalSection(ProjectConfigurationPlatforms) = postSolution
		{0090D74D-56E2-4E48-B1AE-0A8F1C88C01F}.Debug|Any CPU.ActiveCfg = Debug|Any CPU
		{0090D74D-56E2-4E48-B1AE-0A8F1C88C01F}.Debug|Any CPU.Build.0 = Debug|Any CPU
		{0090D74D-56E2-4E48-B1AE-0A8F1C88C01F}.Release|Any CPU.ActiveCfg = Release|Any CPU
		{0090D74D-56E2-4E48-B1AE-0A8F1C88C01F}.Release|Any CPU.Build.0 = Release|Any CPU
		{318273A4-A837-4C40-8391-D9574151329E}.Debug|Any CPU.ActiveCfg = Debug|Any CPU
		{318273A4-A837-4C40-8391-D9574151329E}.Debug|Any CPU.Build.0 = Debug|Any CPU
		{318273A4-A837-4C40-8391-D9574151329E}.Release|Any CPU.ActiveCfg = Release|Any CPU
		{318273A4-A837-4C40-8391-D9574151329E}.Release|Any CPU.Build.0 = Release|Any CPU
		{6A58FB33-26A8-4BD3-8F69-06BF21B27DF2}.Debug|Any CPU.ActiveCfg = Debug|Any CPU
		{6A58FB33-26A8-4BD3-8F69-06BF21B27DF2}.Debug|Any CPU.Build.0 = Debug|Any CPU
		{6A58FB33-26A8-4BD3-8F69-06BF21B27DF2}.Release|Any CPU.ActiveCfg = Release|Any CPU
		{6A58FB33-26A8-4BD3-8F69-06BF21B27DF2}.Release|Any CPU.Build.0 = Release|Any CPU
	EndGlobalSection
	GlobalSection(SolutionProperties) = preSolution
		HideSolutionNode = FALSE
	EndGlobalSection
	GlobalSection(NestedProjects) = preSolution
		{0090D74D-56E2-4E48-B1AE-0A8F1C88C01F} = {DC806DB7-2351-43DE-BCD0-0C78FC42EF44}
		{6A58FB33-26A8-4BD3-8F69-06BF21B27DF2} = {CEB73A9B-669A-4B64-A1AF-76CFBCC00BFA}
	EndGlobalSection
	GlobalSection(ExtensibilityGlobals) = postSolution
		SolutionGuid = {D1382457-F684-4E83-9D03-A3813E7C9E20}
	EndGlobalSection
EndGlobal
